// !$*UTF8*$!
{
	archiveVersion = 1;
	classes = {
	};
	objectVersion = 46;
	objects = {

/* Begin PBXBuildFile section */
		A02A5EA11CD7AEF800B83125 /* AppDelegate.swift in Sources */ = {isa = PBXBuildFile; fileRef = A02A5EA01CD7AEF800B83125 /* AppDelegate.swift */; };
		A02A5EA31CD7AEF800B83125 /* ViewController.swift in Sources */ = {isa = PBXBuildFile; fileRef = A02A5EA21CD7AEF800B83125 /* ViewController.swift */; };
		A02A5EA61CD7AEF800B83125 /* Main.storyboard in Resources */ = {isa = PBXBuildFile; fileRef = A02A5EA41CD7AEF800B83125 /* Main.storyboard */; };
		A02A5EA91CD7AEF800B83125 /* Weather_App.xcdatamodeld in Sources */ = {isa = PBXBuildFile; fileRef = A02A5EA71CD7AEF800B83125 /* Weather_App.xcdatamodeld */; };
		A02A5EAB1CD7AEF800B83125 /* Assets.xcassets in Resources */ = {isa = PBXBuildFile; fileRef = A02A5EAA1CD7AEF800B83125 /* Assets.xcassets */; };
		A02A5EAE1CD7AEF800B83125 /* LaunchScreen.storyboard in Resources */ = {isa = PBXBuildFile; fileRef = A02A5EAC1CD7AEF800B83125 /* LaunchScreen.storyboard */; };
		A02A5EB91CD7AEF800B83125 /* Weather_AppTests.swift in Sources */ = {isa = PBXBuildFile; fileRef = A02A5EB81CD7AEF800B83125 /* Weather_AppTests.swift */; };
		A02A5EC41CD7AEF800B83125 /* Weather_AppUITests.swift in Sources */ = {isa = PBXBuildFile; fileRef = A02A5EC31CD7AEF800B83125 /* Weather_AppUITests.swift */; };
		A02A5ED21CD7D5E800B83125 /* WeatherService.swift in Sources */ = {isa = PBXBuildFile; fileRef = A02A5ED11CD7D5E800B83125 /* WeatherService.swift */; };
		A02A5ED41CD7EA7F00B83125 /* Weather.swift in Sources */ = {isa = PBXBuildFile; fileRef = A02A5ED31CD7EA7F00B83125 /* Weather.swift */; };
		A02A5ED61CD8F2A200B83125 /* SwiftyJSON.swift in Sources */ = {isa = PBXBuildFile; fileRef = A02A5ED51CD8F2A200B83125 /* SwiftyJSON.swift */; };
		A02A5ED81CD8F8C500B83125 /* Secrets.swift in Sources */ = {isa = PBXBuildFile; fileRef = A02A5ED71CD8F8C500B83125 /* Secrets.swift */; };
/* End PBXBuildFile section */

/* Begin PBXContainerItemProxy section */
		A02A5EB51CD7AEF800B83125 /* PBXContainerItemProxy */ = {
			isa = PBXContainerItemProxy;
			containerPortal = A02A5E951CD7AEF800B83125 /* Project object */;
			proxyType = 1;
			remoteGlobalIDString = A02A5E9C1CD7AEF800B83125;
			remoteInfo = "Weather-App";
		};
		A02A5EC01CD7AEF800B83125 /* PBXContainerItemProxy */ = {
			isa = PBXContainerItemProxy;
			containerPortal = A02A5E951CD7AEF800B83125 /* Project object */;
			proxyType = 1;
			remoteGlobalIDString = A02A5E9C1CD7AEF800B83125;
			remoteInfo = "Weather-App";
		};
/* End PBXContainerItemProxy section */

/* Begin PBXFileReference section */
		A02A5E9D1CD7AEF800B83125 /* Weather-App.app */ = {isa = PBXFileReference; explicitFileType = wrapper.application; includeInIndex = 0; path = "Weather-App.app"; sourceTree = BUILT_PRODUCTS_DIR; };
		A02A5EA01CD7AEF800B83125 /* AppDelegate.swift */ = {isa = PBXFileReference; lastKnownFileType = sourcecode.swift; path = AppDelegate.swift; sourceTree = "<group>"; };
		A02A5EA21CD7AEF800B83125 /* ViewController.swift */ = {isa = PBXFileReference; lastKnownFileType = sourcecode.swift; path = ViewController.swift; sourceTree = "<group>"; };
		A02A5EA51CD7AEF800B83125 /* Base */ = {isa = PBXFileReference; lastKnownFileType = file.storyboard; name = Base; path = Base.lproj/Main.storyboard; sourceTree = "<group>"; };
		A02A5EA81CD7AEF800B83125 /* Weather_App.xcdatamodel */ = {isa = PBXFileReference; lastKnownFileType = wrapper.xcdatamodel; path = Weather_App.xcdatamodel; sourceTree = "<group>"; };
		A02A5EAA1CD7AEF800B83125 /* Assets.xcassets */ = {isa = PBXFileReference; lastKnownFileType = folder.assetcatalog; path = Assets.xcassets; sourceTree = "<group>"; };
		A02A5EAD1CD7AEF800B83125 /* Base */ = {isa = PBXFileReference; lastKnownFileType = file.storyboard; name = Base; path = Base.lproj/LaunchScreen.storyboard; sourceTree = "<group>"; };
		A02A5EAF1CD7AEF800B83125 /* Info.plist */ = {isa = PBXFileReference; lastKnownFileType = text.plist.xml; path = Info.plist; sourceTree = "<group>"; };
		A02A5EB41CD7AEF800B83125 /* Weather-AppTests.xctest */ = {isa = PBXFileReference; explicitFileType = wrapper.cfbundle; includeInIndex = 0; path = "Weather-AppTests.xctest"; sourceTree = BUILT_PRODUCTS_DIR; };
		A02A5EB81CD7AEF800B83125 /* Weather_AppTests.swift */ = {isa = PBXFileReference; lastKnownFileType = sourcecode.swift; path = Weather_AppTests.swift; sourceTree = "<group>"; };
		A02A5EBA1CD7AEF800B83125 /* Info.plist */ = {isa = PBXFileReference; lastKnownFileType = text.plist.xml; path = Info.plist; sourceTree = "<group>"; };
		A02A5EBF1CD7AEF800B83125 /* Weather-AppUITests.xctest */ = {isa = PBXFileReference; explicitFileType = wrapper.cfbundle; includeInIndex = 0; path = "Weather-AppUITests.xctest"; sourceTree = BUILT_PRODUCTS_DIR; };
		A02A5EC31CD7AEF800B83125 /* Weather_AppUITests.swift */ = {isa = PBXFileReference; lastKnownFileType = sourcecode.swift; path = Weather_AppUITests.swift; sourceTree = "<group>"; };
		A02A5EC51CD7AEF800B83125 /* Info.plist */ = {isa = PBXFileReference; lastKnownFileType = text.plist.xml; path = Info.plist; sourceTree = "<group>"; };
		A02A5ED11CD7D5E800B83125 /* WeatherService.swift */ = {isa = PBXFileReference; fileEncoding = 4; lastKnownFileType = sourcecode.swift; path = WeatherService.swift; sourceTree = "<group>"; };
		A02A5ED31CD7EA7F00B83125 /* Weather.swift */ = {isa = PBXFileReference; fileEncoding = 4; lastKnownFileType = sourcecode.swift; path = Weather.swift; sourceTree = "<group>"; };
		A02A5ED51CD8F2A200B83125 /* SwiftyJSON.swift */ = {isa = PBXFileReference; fileEncoding = 4; lastKnownFileType = sourcecode.swift; path = SwiftyJSON.swift; sourceTree = "<group>"; };
		A02A5ED71CD8F8C500B83125 /* Secrets.swift */ = {isa = PBXFileReference; fileEncoding = 4; lastKnownFileType = sourcecode.swift; path = Secrets.swift; sourceTree = "<group>"; };
/* End PBXFileReference section */

/* Begin PBXFrameworksBuildPhase section */
		A02A5E9A1CD7AEF800B83125 /* Frameworks */ = {
			isa = PBXFrameworksBuildPhase;
			buildActionMask = 2147483647;
			files = (
			);
			runOnlyForDeploymentPostprocessing = 0;
		};
		A02A5EB11CD7AEF800B83125 /* Frameworks */ = {
			isa = PBXFrameworksBuildPhase;
			buildActionMask = 2147483647;
			files = (
			);
			runOnlyForDeploymentPostprocessing = 0;
		};
		A02A5EBC1CD7AEF800B83125 /* Frameworks */ = {
			isa = PBXFrameworksBuildPhase;
			buildActionMask = 2147483647;
			files = (
			);
			runOnlyForDeploymentPostprocessing = 0;
		};
/* End PBXFrameworksBuildPhase section */

/* Begin PBXGroup section */
		A02A5E941CD7AEF800B83125 = {
			isa = PBXGroup;
			children = (
				A02A5E9F1CD7AEF800B83125 /* Weather-App */,
				A02A5EB71CD7AEF800B83125 /* Weather-AppTests */,
				A02A5EC21CD7AEF800B83125 /* Weather-AppUITests */,
				A02A5E9E1CD7AEF800B83125 /* Products */,
			);
			sourceTree = "<group>";
		};
		A02A5E9E1CD7AEF800B83125 /* Products */ = {
			isa = PBXGroup;
			children = (
				A02A5E9D1CD7AEF800B83125 /* Weather-App.app */,
				A02A5EB41CD7AEF800B83125 /* Weather-AppTests.xctest */,
				A02A5EBF1CD7AEF800B83125 /* Weather-AppUITests.xctest */,
			);
			name = Products;
			sourceTree = "<group>";
		};
		A02A5E9F1CD7AEF800B83125 /* Weather-App */ = {
			isa = PBXGroup;
			children = (
				A02A5EA01CD7AEF800B83125 /* AppDelegate.swift */,
				A02A5EA21CD7AEF800B83125 /* ViewController.swift */,
				A02A5EA41CD7AEF800B83125 /* Main.storyboard */,
				A02A5EAA1CD7AEF800B83125 /* Assets.xcassets */,
				A02A5EAC1CD7AEF800B83125 /* LaunchScreen.storyboard */,
				A02A5EAF1CD7AEF800B83125 /* Info.plist */,
				A02A5EA71CD7AEF800B83125 /* Weather_App.xcdatamodeld */,
				A02A5ED11CD7D5E800B83125 /* WeatherService.swift */,
				A02A5ED31CD7EA7F00B83125 /* Weather.swift */,
				A02A5ED51CD8F2A200B83125 /* SwiftyJSON.swift */,
				A02A5ED71CD8F8C500B83125 /* Secrets.swift */,
			);
			path = "Weather-App";
			sourceTree = "<group>";
		};
		A02A5EB71CD7AEF800B83125 /* Weather-AppTests */ = {
			isa = PBXGroup;
			children = (
				A02A5EB81CD7AEF800B83125 /* Weather_AppTests.swift */,
				A02A5EBA1CD7AEF800B83125 /* Info.plist */,
			);
			path = "Weather-AppTests";
			sourceTree = "<group>";
		};
		A02A5EC21CD7AEF800B83125 /* Weather-AppUITests */ = {
			isa = PBXGroup;
			children = (
				A02A5EC31CD7AEF800B83125 /* Weather_AppUITests.swift */,
				A02A5EC51CD7AEF800B83125 /* Info.plist */,
			);
			path = "Weather-AppUITests";
			sourceTree = "<group>";
		};
/* End PBXGroup section */

/* Begin PBXNativeTarget section */
		A02A5E9C1CD7AEF800B83125 /* Weather-App */ = {
			isa = PBXNativeTarget;
			buildConfigurationList = A02A5EC81CD7AEF800B83125 /* Build configuration list for PBXNativeTarget "Weather-App" */;
			buildPhases = (
				A02A5E991CD7AEF800B83125 /* Sources */,
				A02A5E9A1CD7AEF800B83125 /* Frameworks */,
				A02A5E9B1CD7AEF800B83125 /* Resources */,
			);
			buildRules = (
			);
			dependencies = (
			);
			name = "Weather-App";
			productName = "Weather-App";
			productReference = A02A5E9D1CD7AEF800B83125 /* Weather-App.app */;
			productType = "com.apple.product-type.application";
		};
		A02A5EB31CD7AEF800B83125 /* Weather-AppTests */ = {
			isa = PBXNativeTarget;
			buildConfigurationList = A02A5ECB1CD7AEF800B83125 /* Build configuration list for PBXNativeTarget "Weather-AppTests" */;
			buildPhases = (
				A02A5EB01CD7AEF800B83125 /* Sources */,
				A02A5EB11CD7AEF800B83125 /* Frameworks */,
				A02A5EB21CD7AEF800B83125 /* Resources */,
			);
			buildRules = (
			);
			dependencies = (
				A02A5EB61CD7AEF800B83125 /* PBXTargetDependency */,
			);
			name = "Weather-AppTests";
			productName = "Weather-AppTests";
			productReference = A02A5EB41CD7AEF800B83125 /* Weather-AppTests.xctest */;
			productType = "com.apple.product-type.bundle.unit-test";
		};
		A02A5EBE1CD7AEF800B83125 /* Weather-AppUITests */ = {
			isa = PBXNativeTarget;
			buildConfigurationList = A02A5ECE1CD7AEF800B83125 /* Build configuration list for PBXNativeTarget "Weather-AppUITests" */;
			buildPhases = (
				A02A5EBB1CD7AEF800B83125 /* Sources */,
				A02A5EBC1CD7AEF800B83125 /* Frameworks */,
				A02A5EBD1CD7AEF800B83125 /* Resources */,
			);
			buildRules = (
			);
			dependencies = (
				A02A5EC11CD7AEF800B83125 /* PBXTargetDependency */,
			);
			name = "Weather-AppUITests";
			productName = "Weather-AppUITests";
			productReference = A02A5EBF1CD7AEF800B83125 /* Weather-AppUITests.xctest */;
			productType = "com.apple.product-type.bundle.ui-testing";
		};
/* End PBXNativeTarget section */

/* Begin PBXProject section */
		A02A5E951CD7AEF800B83125 /* Project object */ = {
			isa = PBXProject;
			attributes = {
				LastSwiftUpdateCheck = 0730;
				LastUpgradeCheck = 0730;
				ORGANIZATIONNAME = "Ryan Walsh";
				TargetAttributes = {
					A02A5E9C1CD7AEF800B83125 = {
						CreatedOnToolsVersion = 7.3;
					};
					A02A5EB31CD7AEF800B83125 = {
						CreatedOnToolsVersion = 7.3;
						TestTargetID = A02A5E9C1CD7AEF800B83125;
					};
					A02A5EBE1CD7AEF800B83125 = {
						CreatedOnToolsVersion = 7.3;
						TestTargetID = A02A5E9C1CD7AEF800B83125;
					};
				};
			};
			buildConfigurationList = A02A5E981CD7AEF800B83125 /* Build configuration list for PBXProject "Weather-App" */;
			compatibilityVersion = "Xcode 3.2";
			developmentRegion = English;
			hasScannedForEncodings = 0;
			knownRegions = (
				en,
				Base,
			);
			mainGroup = A02A5E941CD7AEF800B83125;
			productRefGroup = A02A5E9E1CD7AEF800B83125 /* Products */;
			projectDirPath = "";
			projectRoot = "";
			targets = (
				A02A5E9C1CD7AEF800B83125 /* Weather-App */,
				A02A5EB31CD7AEF800B83125 /* Weather-AppTests */,
				A02A5EBE1CD7AEF800B83125 /* Weather-AppUITests */,
			);
		};
/* End PBXProject section */

/* Begin PBXResourcesBuildPhase section */
		A02A5E9B1CD7AEF800B83125 /* Resources */ = {
			isa = PBXResourcesBuildPhase;
			buildActionMask = 2147483647;
			files = (
				A02A5EAE1CD7AEF800B83125 /* LaunchScreen.storyboard in Resources */,
				A02A5EAB1CD7AEF800B83125 /* Assets.xcassets in Resources */,
				A02A5EA61CD7AEF800B83125 /* Main.storyboard in Resources */,
			);
			runOnlyForDeploymentPostprocessing = 0;
		};
		A02A5EB21CD7AEF800B83125 /* Resources */ = {
			isa = PBXResourcesBuildPhase;
			buildActionMask = 2147483647;
			files = (
			);
			runOnlyForDeploymentPostprocessing = 0;
		};
		A02A5EBD1CD7AEF800B83125 /* Resources */ = {
			isa = PBXResourcesBuildPhase;
			buildActionMask = 2147483647;
			files = (
			);
			runOnlyForDeploymentPostprocessing = 0;
		};
/* End PBXResourcesBuildPhase section */

/* Begin PBXSourcesBuildPhase section */
		A02A5E991CD7AEF800B83125 /* Sources */ = {
			isa = PBXSourcesBuildPhase;
			buildActionMask = 2147483647;
			files = (
				A02A5ED21CD7D5E800B83125 /* WeatherService.swift in Sources */,
				A02A5ED61CD8F2A200B83125 /* SwiftyJSON.swift in Sources */,
				A02A5ED81CD8F8C500B83125 /* Secrets.swift in Sources */,
				A02A5EA91CD7AEF800B83125 /* Weather_App.xcdatamodeld in Sources */,
				A02A5EA31CD7AEF800B83125 /* ViewController.swift in Sources */,
				A02A5EA11CD7AEF800B83125 /* AppDelegate.swift in Sources */,
				A02A5ED41CD7EA7F00B83125 /* Weather.swift in Sources */,
			);
			runOnlyForDeploymentPostprocessing = 0;
		};
		A02A5EB01CD7AEF800B83125 /* Sources */ = {
			isa = PBXSourcesBuildPhase;
			buildActionMask = 2147483647;
			files = (
				A02A5EB91CD7AEF800B83125 /* Weather_AppTests.swift in Sources */,
			);
			runOnlyForDeploymentPostprocessing = 0;
		};
		A02A5EBB1CD7AEF800B83125 /* Sources */ = {
			isa = PBXSourcesBuildPhase;
			buildActionMask = 2147483647;
			files = (
				A02A5EC41CD7AEF800B83125 /* Weather_AppUITests.swift in Sources */,
			);
			runOnlyForDeploymentPostprocessing = 0;
		};
/* End PBXSourcesBuildPhase section */

/* Begin PBXTargetDependency section */
		A02A5EB61CD7AEF800B83125 /* PBXTargetDependency */ = {
			isa = PBXTargetDependency;
			target = A02A5E9C1CD7AEF800B83125 /* Weather-App */;
			targetProxy = A02A5EB51CD7AEF800B83125 /* PBXContainerItemProxy */;
		};
		A02A5EC11CD7AEF800B83125 /* PBXTargetDependency */ = {
			isa = PBXTargetDependency;
			target = A02A5E9C1CD7AEF800B83125 /* Weather-App */;
			targetProxy = A02A5EC01CD7AEF800B83125 /* PBXContainerItemProxy */;
		};
/* End PBXTargetDependency section */

/* Begin PBXVariantGroup section */
		A02A5EA41CD7AEF800B83125 /* Main.storyboard */ = {
			isa = PBXVariantGroup;
			children = (
				A02A5EA51CD7AEF800B83125 /* Base */,
			);
			name = Main.storyboard;
			sourceTree = "<group>";
		};
		A02A5EAC1CD7AEF800B83125 /* LaunchScreen.storyboard */ = {
			isa = PBXVariantGroup;
			children = (
				A02A5EAD1CD7AEF800B83125 /* Base */,
			);
			name = LaunchScreen.storyboard;
			sourceTree = "<group>";
		};
/* End PBXVariantGroup section */

/* Begin XCBuildConfiguration section */
		A02A5EC61CD7AEF800B83125 /* Debug */ = {
			isa = XCBuildConfiguration;
			buildSettings = {
				ALWAYS_SEARCH_USER_PATHS = NO;
				CLANG_ANALYZER_NONNULL = YES;
				CLANG_CXX_LANGUAGE_STANDARD = "gnu++0x";
				CLANG_CXX_LIBRARY = "libc++";
				CLANG_ENABLE_MODULES = YES;
				CLANG_ENABLE_OBJC_ARC = YES;
				CLANG_WARN_BOOL_CONVERSION = YES;
				CLANG_WARN_CONSTANT_CONVERSION = YES;
				CLANG_WARN_DIRECT_OBJC_ISA_USAGE = YES_ERROR;
				CLANG_WARN_EMPTY_BODY = YES;
				CLANG_WARN_ENUM_CONVERSION = YES;
				CLANG_WARN_INT_CONVERSION = YES;
				CLANG_WARN_OBJC_ROOT_CLASS = YES_ERROR;
				CLANG_WARN_UNREACHABLE_CODE = YES;
				CLANG_WARN__DUPLICATE_METHOD_MATCH = YES;
				"CODE_SIGN_IDENTITY[sdk=iphoneos*]" = "iPhone Developer";
				COPY_PHASE_STRIP = NO;
				DEBUG_INFORMATION_FORMAT = dwarf;
				ENABLE_STRICT_OBJC_MSGSEND = YES;
				ENABLE_TESTABILITY = YES;
				GCC_C_LANGUAGE_STANDARD = gnu99;
				GCC_DYNAMIC_NO_PIC = NO;
				GCC_NO_COMMON_BLOCKS = YES;
				GCC_OPTIMIZATION_LEVEL = 0;
				GCC_PREPROCESSOR_DEFINITIONS = (
					"DEBUG=1",
					"$(inherited)",
				);
				GCC_WARN_64_TO_32_BIT_CONVERSION = YES;
				GCC_WARN_ABOUT_RETURN_TYPE = YES_ERROR;
				GCC_WARN_UNDECLARED_SELECTOR = YES;
				GCC_WARN_UNINITIALIZED_AUTOS = YES_AGGRESSIVE;
				GCC_WARN_UNUSED_FUNCTION = YES;
				GCC_WARN_UNUSED_VARIABLE = YES;
				IPHONEOS_DEPLOYMENT_TARGET = 9.3;
				MTL_ENABLE_DEBUG_INFO = YES;
				ONLY_ACTIVE_ARCH = YES;
				SDKROOT = iphoneos;
				SWIFT_OPTIMIZATION_LEVEL = "-Onone";
			};
			name = Debug;
		};
		A02A5EC71CD7AEF800B83125 /* Release */ = {
			isa = XCBuildConfiguration;
			buildSettings = {
				ALWAYS_SEARCH_USER_PATHS = NO;
				CLANG_ANALYZER_NONNULL = YES;
				CLANG_CXX_LANGUAGE_STANDARD = "gnu++0x";
				CLANG_CXX_LIBRARY = "libc++";
				CLANG_ENABLE_MODULES = YES;
				CLANG_ENABLE_OBJC_ARC = YES;
				CLANG_WARN_BOOL_CONVERSION = YES;
				CLANG_WARN_CONSTANT_CONVERSION = YES;
				CLANG_WARN_DIRECT_OBJC_ISA_USAGE = YES_ERROR;
				CLANG_WARN_EMPTY_BODY = YES;
				CLANG_WARN_ENUM_CONVERSION = YES;
				CLANG_WARN_INT_CONVERSION = YES;
				CLANG_WARN_OBJC_ROOT_CLASS = YES_ERROR;
				CLANG_WARN_UNREACHABLE_CODE = YES;
				CLANG_WARN__DUPLICATE_METHOD_MATCH = YES;
				"CODE_SIGN_IDENTITY[sdk=iphoneos*]" = "iPhone Developer";
				COPY_PHASE_STRIP = NO;
				DEBUG_INFORMATION_FORMAT = "dwarf-with-dsym";
				ENABLE_NS_ASSERTIONS = NO;
				ENABLE_STRICT_OBJC_MSGSEND = YES;
				GCC_C_LANGUAGE_STANDARD = gnu99;
				GCC_NO_COMMON_BLOCKS = YES;
				GCC_WARN_64_TO_32_BIT_CONVERSION = YES;
				GCC_WARN_ABOUT_RETURN_TYPE = YES_ERROR;
				GCC_WARN_UNDECLARED_SELECTOR = YES;
				GCC_WARN_UNINITIALIZED_AUTOS = YES_AGGRESSIVE;
				GCC_WARN_UNUSED_FUNCTION = YES;
				GCC_WARN_UNUSED_VARIABLE = YES;
				IPHONEOS_DEPLOYMENT_TARGET = 9.3;
				MTL_ENABLE_DEBUG_INFO = NO;
				SDKROOT = iphoneos;
				VALIDATE_PRODUCT = YES;
			};
			name = Release;
		};
		A02A5EC91CD7AEF800B83125 /* Debug */ = {
			isa = XCBuildConfiguration;
			buildSettings = {
				ASSETCATALOG_COMPILER_APPICON_NAME = AppIcon;
				INFOPLIST_FILE = "Weather-App/Info.plist";
				LD_RUNPATH_SEARCH_PATHS = "$(inherited) @executable_path/Frameworks";
				PRODUCT_BUNDLE_IDENTIFIER = "devmountain.rwalsh.Weather-App";
				PRODUCT_NAME = "$(TARGET_NAME)";
			};
			name = Debug;
		};
		A02A5ECA1CD7AEF800B83125 /* Release */ = {
			isa = XCBuildConfiguration;
			buildSettings = {
				ASSETCATALOG_COMPILER_APPICON_NAME = AppIcon;
				INFOPLIST_FILE = "Weather-App/Info.plist";
				LD_RUNPATH_SEARCH_PATHS = "$(inherited) @executable_path/Frameworks";
				PRODUCT_BUNDLE_IDENTIFIER = "devmountain.rwalsh.Weather-App";
				PRODUCT_NAME = "$(TARGET_NAME)";
			};
			name = Release;
		};
		A02A5ECC1CD7AEF800B83125 /* Debug */ = {
			isa = XCBuildConfiguration;
			buildSettings = {
				BUNDLE_LOADER = "$(TEST_HOST)";
				INFOPLIST_FILE = "Weather-AppTests/Info.plist";
				LD_RUNPATH_SEARCH_PATHS = "$(inherited) @executable_path/Frameworks @loader_path/Frameworks";
				PRODUCT_BUNDLE_IDENTIFIER = "devmountain.rwalsh.Weather-AppTests";
				PRODUCT_NAME = "$(TARGET_NAME)";
				TEST_HOST = "$(BUILT_PRODUCTS_DIR)/Weather-App.app/Weather-App";
			};
			name = Debug;
		};
		A02A5ECD1CD7AEF800B83125 /* Release */ = {
			isa = XCBuildConfiguration;
			buildSettings = {
				BUNDLE_LOADER = "$(TEST_HOST)";
				INFOPLIST_FILE = "Weather-AppTests/Info.plist";
				LD_RUNPATH_SEARCH_PATHS = "$(inherited) @executable_path/Frameworks @loader_path/Frameworks";
				PRODUCT_BUNDLE_IDENTIFIER = "devmountain.rwalsh.Weather-AppTests";
				PRODUCT_NAME = "$(TARGET_NAME)";
				TEST_HOST = "$(BUILT_PRODUCTS_DIR)/Weather-App.app/Weather-App";
			};
			name = Release;
		};
		A02A5ECF1CD7AEF800B83125 /* Debug */ = {
			isa = XCBuildConfiguration;
			buildSettings = {
				INFOPLIST_FILE = "Weather-AppUITests/Info.plist";
				LD_RUNPATH_SEARCH_PATHS = "$(inherited) @executable_path/Frameworks @loader_path/Frameworks";
				PRODUCT_BUNDLE_IDENTIFIER = "devmountain.rwalsh.Weather-AppUITests";
				PRODUCT_NAME = "$(TARGET_NAME)";
				TEST_TARGET_NAME = "Weather-App";
			};
			name = Debug;
		};
		A02A5ED01CD7AEF800B83125 /* Release */ = {
			isa = XCBuildConfiguration;
			buildSettings = {
				INFOPLIST_FILE = "Weather-AppUITests/Info.plist";
				LD_RUNPATH_SEARCH_PATHS = "$(inherited) @executable_path/Frameworks @loader_path/Frameworks";
				PRODUCT_BUNDLE_IDENTIFIER = "devmountain.rwalsh.Weather-AppUITests";
				PRODUCT_NAME = "$(TARGET_NAME)";
				TEST_TARGET_NAME = "Weather-App";
			};
			name = Release;
		};
/* End XCBuildConfiguration section */

/* Begin XCConfigurationList section */
		A02A5E981CD7AEF800B83125 /* Build configuration list for PBXProject "Weather-App" */ = {
			isa = XCConfigurationList;
			buildConfigurations = (
				A02A5EC61CD7AEF800B83125 /* Debug */,
				A02A5EC71CD7AEF800B83125 /* Release */,
			);
			defaultConfigurationIsVisible = 0;
			defaultConfigurationName = Release;
		};
		A02A5EC81CD7AEF800B83125 /* Build configuration list for PBXNativeTarget "Weather-App" */ = {
			isa = XCConfigurationList;
			buildConfigurations = (
				A02A5EC91CD7AEF800B83125 /* Debug */,
				A02A5ECA1CD7AEF800B83125 /* Release */,
			);
			defaultConfigurationIsVisible = 0;
		};
		A02A5ECB1CD7AEF800B83125 /* Build configuration list for PBXNativeTarget "Weather-AppTests" */ = {
			isa = XCConfigurationList;
			buildConfigurations = (
				A02A5ECC1CD7AEF800B83125 /* Debug */,
				A02A5ECD1CD7AEF800B83125 /* Release */,
			);
			defaultConfigurationIsVisible = 0;
		};
		A02A5ECE1CD7AEF800B83125 /* Build configuration list for PBXNativeTarget "Weather-AppUITests" */ = {
			isa = XCConfigurationList;
			buildConfigurations = (
				A02A5ECF1CD7AEF800B83125 /* Debug */,
				A02A5ED01CD7AEF800B83125 /* Release */,
			);
			defaultConfigurationIsVisible = 0;
		};
/* End XCConfigurationList section */

/* Begin XCVersionGroup section */
		A02A5EA71CD7AEF800B83125 /* Weather_App.xcdatamodeld */ = {
			isa = XCVersionGroup;
			children = (
				A02A5EA81CD7AEF800B83125 /* Weather_App.xcdatamodel */,
			);
			currentVersion = A02A5EA81CD7AEF800B83125 /* Weather_App.xcdatamodel */;
			path = Weather_App.xcdatamodeld;
			sourceTree = "<group>";
			versionGroupType = wrapper.xcdatamodel;
		};
/* End XCVersionGroup section */
	};
	rootObject = A02A5E951CD7AEF800B83125 /* Project object */;
}
